
Microsoft Visual Studio Solution File, Format Version 12.00
# Visual Studio Version 17
VisualStudioVersion = 17.10.35004.147
MinimumVisualStudioVersion = 10.0.40219.1
Project("{9A19103F-16F7-4668-BE54-9A1E7A4F7556}") = "Lab7.Mqtt.Common", "Lab7.Mqtt.Common\Lab7.Mqtt.Common.csproj", "{FA51A749-3AA4-4455-A4AE-02263AE95084}"
EndProject
Project("{9A19103F-16F7-4668-BE54-9A1E7A4F7556}") = "Lab7.Mqtt.Subscriber", "Lab7.Mqtt.Subscriber\Lab7.Mqtt.Subscriber.csproj", "{C54693AD-ECAB-48D9-8E7F-FDACD0688376}"
EndProject
Project("{9A19103F-16F7-4668-BE54-9A1E7A4F7556}") = "Lab7.Mqtt.Publisher", "Lab7.Mqtt.Publisher\Lab7.Mqtt.Publisher.csproj", "{1EA6B66E-B64C-4202-8AA4-10F4E24178BD}"
EndProject
Global
	GlobalSection(SolutionConfigurationPlatforms) = preSolution
		Debug|Any CPU = Debug|Any CPU
		Release|Any CPU = Release|Any CPU
	EndGlobalSection
	GlobalSection(ProjectConfigurationPlatforms) = postSolution
		{FA51A749-3AA4-4455-A4AE-02263AE95084}.Debug|Any CPU.ActiveCfg = Debug|Any CPU
		{FA51A749-3AA4-4455-A4AE-02263AE95084}.Debug|Any CPU.Build.0 = Debug|Any CPU
		{FA51A749-3AA4-4455-A4AE-02263AE95084}.Release|Any CPU.ActiveCfg = Release|Any CPU
		{FA51A749-3AA4-4455-A4AE-02263AE95084}.Release|Any CPU.Build.0 = Release|Any CPU
		{C54693AD-ECAB-48D9-8E7F-FDACD0688376}.Debug|Any CPU.ActiveCfg = Debug|Any CPU
		{C54693AD-ECAB-48D9-8E7F-FDACD0688376}.Debug|Any CPU.Build.0 = Debug|Any CPU
		{C54693AD-ECAB-48D9-8E7F-FDACD0688376}.Release|Any CPU.ActiveCfg = Release|Any CPU
		{C54693AD-ECAB-48D9-8E7F-FDACD0688376}.Release|Any CPU.Build.0 = Release|Any CPU
		{1EA6B66E-B64C-4202-8AA4-10F4E24178BD}.Debug|Any CPU.ActiveCfg = Debug|Any CPU
		{1EA6B66E-B64C-4202-8AA4-10F4E24178BD}.Debug|Any CPU.Build.0 = Debug|Any CPU
		{1EA6B66E-B64C-4202-8AA4-10F4E24178BD}.Release|Any CPU.ActiveCfg = Release|Any CPU
		{1EA6B66E-B64C-4202-8AA4-10F4E24178BD}.Release|Any CPU.Build.0 = Release|Any CPU
	EndGlobalSection
	GlobalSection(SolutionProperties) = preSolution
		HideSolutionNode = FALSE
	EndGlobalSection
	GlobalSection(ExtensibilityGlobals) = postSolution
		SolutionGuid = {40280A23-414E-4653-9D1B-A82441B362FF}
	EndGlobalSection
EndGlobal
